
Microsoft Visual Studio Solution File, Format Version 12.00
# Visual Studio 15
VisualStudioVersion = 15.0.27004.2005
MinimumVisualStudioVersion = 10.0.40219.1
Project("{8BC9CEB8-8B4A-11D0-8D11-00A0C91BC942}") = "myfirst", "Pratice\Pratice.vcxproj", "{1EB1B185-FD33-48D6-85AE-7462A80CFDBA}"
EndProject
Project("{8BC9CEB8-8B4A-11D0-8D11-00A0C91BC942}") = "Carrots", "Carrots\Carrots.vcxproj", "{90651F8C-D994-4675-B6C9-B8C8DBA12D38}"
EndProject
Project("{8BC9CEB8-8B4A-11D0-8D11-00A0C91BC942}") = "getinfo", "getinfo\getinfo.vcxproj", "{D58E7D2F-82CE-45FD-9C3E-D3422154866E}"
EndProject
Project("{8BC9CEB8-8B4A-11D0-8D11-00A0C91BC942}") = "sqrt.cpp", "sqrt.cpp\sqrt.cpp.vcxproj", "{7858C145-D48F-49B9-980C-38A7220C0DFE}"
EndProject
Project("{8BC9CEB8-8B4A-11D0-8D11-00A0C91BC942}") = "ourfunc", "ourfunc\ourfunc.vcxproj", "{EA25EE5B-5D6B-4C8C-8F0B-2B1BA3F229D3}"
EndProject
Project("{8BC9CEB8-8B4A-11D0-8D11-00A0C91BC942}") = "convert", "convert\convert.vcxproj", "{39BD6A38-3925-43CC-8C76-9AD1E901EBA2}"
EndProject
Project("{8BC9CEB8-8B4A-11D0-8D11-00A0C91BC942}") = "ourfunc1", "ourfunc1\ourfunc1.vcxproj", "{FB9863D4-D5A8-4260-8D39-3E0288825D8B}"
EndProject
Project("{8BC9CEB8-8B4A-11D0-8D11-00A0C91BC942}") = "limits", "limits\limits.vcxproj", "{B3F4396F-DAD2-4A64-95E9-B51DCDE13356}"
EndProject
Project("{8BC9CEB8-8B4A-11D0-8D11-00A0C91BC942}") = "exceed", "excee\excee.vcxproj", "{B549E202-61BB-454B-B321-ACE3723E18B9}"
EndProject
Project("{8BC9CEB8-8B4A-11D0-8D11-00A0C91BC942}") = "hexooct", "hexooct\hexooct.vcxproj", "{60B533F5-1C11-4930-93E2-5983F7A6DD68}"
EndProject
Project("{8BC9CEB8-8B4A-11D0-8D11-00A0C91BC942}") = "hexooct2", "hexooct2\hexooct2.vcxproj", "{A5545105-4DC2-40D9-90C6-68FD12BE3F0C}"
EndProject
Project("{8BC9CEB8-8B4A-11D0-8D11-00A0C91BC942}") = "chattype", "chattype\chattype.vcxproj", "{05F3B16B-72D6-406D-BF11-94B341B2C791}"
EndProject
Project("{8BC9CEB8-8B4A-11D0-8D11-00A0C91BC942}") = "morechar", "morechar\morechar.vcxproj", "{63F7E94B-C9C9-4B4E-9AA4-1DADC5A27C27}"
EndProject
Project("{8BC9CEB8-8B4A-11D0-8D11-00A0C91BC942}") = "bondini", "bondini\bondini.vcxproj", "{D237FED0-7EEB-4DDB-9218-54F3F3F9E6A1}"
EndProject
Project("{8BC9CEB8-8B4A-11D0-8D11-00A0C91BC942}") = "flaotnum", "flaotnum\flaotnum.vcxproj", "{0BD9743B-6994-4B41-894A-4D7A77AB11B2}"
EndProject
Project("{8BC9CEB8-8B4A-11D0-8D11-00A0C91BC942}") = "fltadd", "fktadd\fktadd.vcxproj", "{CD041195-7375-42D9-A458-9A274892F980}"
EndProject
Project("{8BC9CEB8-8B4A-11D0-8D11-00A0C91BC942}") = "atith", "atith\atith.vcxproj", "{B2AD11F7-D213-43D0-8F78-E3C232BBD42A}"
EndProject
Project("{8BC9CEB8-8B4A-11D0-8D11-00A0C91BC942}") = "divede", "divede\divede.vcxproj", "{B972CA31-CC4F-4999-9DC0-ABB8E2776148}"
EndProject
Project("{8BC9CEB8-8B4A-11D0-8D11-00A0C91BC942}") = "modules", "modules\modules.vcxproj", "{82F0651D-8ADC-42D6-B296-0B2C44AC8EB0}"
EndProject
Project("{8BC9CEB8-8B4A-11D0-8D11-00A0C91BC942}") = "assign", "assign\assign.vcxproj", "{B1077D7B-5F2A-434D-87A4-BE13548246B1}"
EndProject
Project("{8BC9CEB8-8B4A-11D0-8D11-00A0C91BC942}") = "typecast", "typecast\typecast.vcxproj", "{E0CCEDAB-983E-4AE9-84C6-1761CD67B329}"
EndProject
Project("{8BC9CEB8-8B4A-11D0-8D11-00A0C91BC942}") = "arrayone", "arrayone\arrayone.vcxproj", "{D6839829-E061-441C-AB2B-536D95852C90}"
EndProject
Project("{8BC9CEB8-8B4A-11D0-8D11-00A0C91BC942}") = "Strings", "Strings\Strings.vcxproj", "{75393FE2-0C99-40E9-AC02-C7A5E59871F8}"
EndProject
Project("{8BC9CEB8-8B4A-11D0-8D11-00A0C91BC942}") = "insert", "insert\insert.vcxproj", "{937B49B8-1970-412B-A5A6-66A50641C4C7}"
EndProject
Project("{8BC9CEB8-8B4A-11D0-8D11-00A0C91BC942}") = "insert2", "insert2\insert2.vcxproj", "{20BED02F-7221-4A28-A760-2CFE78095532}"
EndProject
Project("{8BC9CEB8-8B4A-11D0-8D11-00A0C91BC942}") = "insert3", "insert3\insert3.vcxproj", "{275F3C4A-60EE-455A-9CB1-395B28A0E2C8}"
EndProject
Project("{8BC9CEB8-8B4A-11D0-8D11-00A0C91BC942}") = "numstr", "numstr\numstr.vcxproj", "{ACE64816-1DB4-4EBE-9FC2-DCD799432111}"
EndProject
Project("{8BC9CEB8-8B4A-11D0-8D11-00A0C91BC942}") = "strtype1", "strtype1\strtype1.vcxproj", "{45F97885-DDFD-4DFC-BDF8-A9B703359AFA}"
EndProject
Project("{8BC9CEB8-8B4A-11D0-8D11-00A0C91BC942}") = "strtrype2", "strtrype2\strtrype2.vcxproj", "{27C5807D-9D2F-46B6-8FAA-67D588E510E4}"
EndProject
Project("{8BC9CEB8-8B4A-11D0-8D11-00A0C91BC942}") = "strtype3", "strtype3\strtype3.vcxproj", "{218BF953-BFFD-41B3-924D-D33FE761F2D6}"
EndProject
Project("{8BC9CEB8-8B4A-11D0-8D11-00A0C91BC942}") = "strtype4", "strtype4\strtype4.vcxproj", "{E91242BC-9162-4B03-BB33-DEBD7CB7BC59}"
EndProject
Project("{8BC9CEB8-8B4A-11D0-8D11-00A0C91BC942}") = "structtur", "structtur\structtur.vcxproj", "{3012A73F-AAEF-40D1-B221-9BAE4CBADCAE}"
EndProject
Global
	GlobalSection(SolutionConfigurationPlatforms) = preSolution
		Debug|x64 = Debug|x64
		Debug|x86 = Debug|x86
		Release|x64 = Release|x64
		Release|x86 = Release|x86
	EndGlobalSection
	GlobalSection(ProjectConfigurationPlatforms) = postSolution
		{1EB1B185-FD33-48D6-85AE-7462A80CFDBA}.Debug|x64.ActiveCfg = Debug|x64
		{1EB1B185-FD33-48D6-85AE-7462A80CFDBA}.Debug|x64.Build.0 = Debug|x64
		{1EB1B185-FD33-48D6-85AE-7462A80CFDBA}.Debug|x86.ActiveCfg = Debug|Win32
		{1EB1B185-FD33-48D6-85AE-7462A80CFDBA}.Debug|x86.Build.0 = Debug|Win32
		{1EB1B185-FD33-48D6-85AE-7462A80CFDBA}.Release|x64.ActiveCfg = Release|x64
		{1EB1B185-FD33-48D6-85AE-7462A80CFDBA}.Release|x64.Build.0 = Release|x64
		{1EB1B185-FD33-48D6-85AE-7462A80CFDBA}.Release|x86.ActiveCfg = Release|Win32
		{1EB1B185-FD33-48D6-85AE-7462A80CFDBA}.Release|x86.Build.0 = Release|Win32
		{90651F8C-D994-4675-B6C9-B8C8DBA12D38}.Debug|x64.ActiveCfg = Debug|x64
		{90651F8C-D994-4675-B6C9-B8C8DBA12D38}.Debug|x64.Build.0 = Debug|x64
		{90651F8C-D994-4675-B6C9-B8C8DBA12D38}.Debug|x86.ActiveCfg = Debug|Win32
		{90651F8C-D994-4675-B6C9-B8C8DBA12D38}.Debug|x86.Build.0 = Debug|Win32
		{90651F8C-D994-4675-B6C9-B8C8DBA12D38}.Release|x64.ActiveCfg = Release|x64
		{90651F8C-D994-4675-B6C9-B8C8DBA12D38}.Release|x64.Build.0 = Release|x64
		{90651F8C-D994-4675-B6C9-B8C8DBA12D38}.Release|x86.ActiveCfg = Release|Win32
		{90651F8C-D994-4675-B6C9-B8C8DBA12D38}.Release|x86.Build.0 = Release|Win32
		{D58E7D2F-82CE-45FD-9C3E-D3422154866E}.Debug|x64.ActiveCfg = Debug|x64
		{D58E7D2F-82CE-45FD-9C3E-D3422154866E}.Debug|x64.Build.0 = Debug|x64
		{D58E7D2F-82CE-45FD-9C3E-D3422154866E}.Debug|x86.ActiveCfg = Debug|Win32
		{D58E7D2F-82CE-45FD-9C3E-D3422154866E}.Debug|x86.Build.0 = Debug|Win32
		{D58E7D2F-82CE-45FD-9C3E-D3422154866E}.Release|x64.ActiveCfg = Release|x64
		{D58E7D2F-82CE-45FD-9C3E-D3422154866E}.Release|x64.Build.0 = Release|x64
		{D58E7D2F-82CE-45FD-9C3E-D3422154866E}.Release|x86.ActiveCfg = Release|Win32
		{D58E7D2F-82CE-45FD-9C3E-D3422154866E}.Release|x86.Build.0 = Release|Win32
		{7858C145-D48F-49B9-980C-38A7220C0DFE}.Debug|x64.ActiveCfg = Debug|x64
		{7858C145-D48F-49B9-980C-38A7220C0DFE}.Debug|x64.Build.0 = Debug|x64
		{7858C145-D48F-49B9-980C-38A7220C0DFE}.Debug|x86.ActiveCfg = Debug|Win32
		{7858C145-D48F-49B9-980C-38A7220C0DFE}.Debug|x86.Build.0 = Debug|Win32
		{7858C145-D48F-49B9-980C-38A7220C0DFE}.Release|x64.ActiveCfg = Release|x64
		{7858C145-D48F-49B9-980C-38A7220C0DFE}.Release|x64.Build.0 = Release|x64
		{7858C145-D48F-49B9-980C-38A7220C0DFE}.Release|x86.ActiveCfg = Release|Win32
		{7858C145-D48F-49B9-980C-38A7220C0DFE}.Release|x86.Build.0 = Release|Win32
		{EA25EE5B-5D6B-4C8C-8F0B-2B1BA3F229D3}.Debug|x64.ActiveCfg = Debug|x64
		{EA25EE5B-5D6B-4C8C-8F0B-2B1BA3F229D3}.Debug|x64.Build.0 = Debug|x64
		{EA25EE5B-5D6B-4C8C-8F0B-2B1BA3F229D3}.Debug|x86.ActiveCfg = Debug|Win32
		{EA25EE5B-5D6B-4C8C-8F0B-2B1BA3F229D3}.Debug|x86.Build.0 = Debug|Win32
		{EA25EE5B-5D6B-4C8C-8F0B-2B1BA3F229D3}.Release|x64.ActiveCfg = Release|x64
		{EA25EE5B-5D6B-4C8C-8F0B-2B1BA3F229D3}.Release|x64.Build.0 = Release|x64
		{EA25EE5B-5D6B-4C8C-8F0B-2B1BA3F229D3}.Release|x86.ActiveCfg = Release|Win32
		{EA25EE5B-5D6B-4C8C-8F0B-2B1BA3F229D3}.Release|x86.Build.0 = Release|Win32
		{39BD6A38-3925-43CC-8C76-9AD1E901EBA2}.Debug|x64.ActiveCfg = Debug|x64
		{39BD6A38-3925-43CC-8C76-9AD1E901EBA2}.Debug|x64.Build.0 = Debug|x64
		{39BD6A38-3925-43CC-8C76-9AD1E901EBA2}.Debug|x86.ActiveCfg = Debug|Win32
		{39BD6A38-3925-43CC-8C76-9AD1E901EBA2}.Debug|x86.Build.0 = Debug|Win32
		{39BD6A38-3925-43CC-8C76-9AD1E901EBA2}.Release|x64.ActiveCfg = Release|x64
		{39BD6A38-3925-43CC-8C76-9AD1E901EBA2}.Release|x64.Build.0 = Release|x64
		{39BD6A38-3925-43CC-8C76-9AD1E901EBA2}.Release|x86.ActiveCfg = Release|Win32
		{39BD6A38-3925-43CC-8C76-9AD1E901EBA2}.Release|x86.Build.0 = Release|Win32
		{FB9863D4-D5A8-4260-8D39-3E0288825D8B}.Debug|x64.ActiveCfg = Debug|x64
		{FB9863D4-D5A8-4260-8D39-3E0288825D8B}.Debug|x64.Build.0 = Debug|x64
		{FB9863D4-D5A8-4260-8D39-3E0288825D8B}.Debug|x86.ActiveCfg = Debug|Win32
		{FB9863D4-D5A8-4260-8D39-3E0288825D8B}.Debug|x86.Build.0 = Debug|Win32
		{FB9863D4-D5A8-4260-8D39-3E0288825D8B}.Release|x64.ActiveCfg = Release|x64
		{FB9863D4-D5A8-4260-8D39-3E0288825D8B}.Release|x64.Build.0 = Release|x64
		{FB9863D4-D5A8-4260-8D39-3E0288825D8B}.Release|x86.ActiveCfg = Release|Win32
		{FB9863D4-D5A8-4260-8D39-3E0288825D8B}.Release|x86.Build.0 = Release|Win32
		{B3F4396F-DAD2-4A64-95E9-B51DCDE13356}.Debug|x64.ActiveCfg = Debug|x64
		{B3F4396F-DAD2-4A64-95E9-B51DCDE13356}.Debug|x64.Build.0 = Debug|x64
		{B3F4396F-DAD2-4A64-95E9-B51DCDE13356}.Debug|x86.ActiveCfg = Debug|Win32
		{B3F4396F-DAD2-4A64-95E9-B51DCDE13356}.Debug|x86.Build.0 = Debug|Win32
		{B3F4396F-DAD2-4A64-95E9-B51DCDE13356}.Release|x64.ActiveCfg = Release|x64
		{B3F4396F-DAD2-4A64-95E9-B51DCDE13356}.Release|x64.Build.0 = Release|x64
		{B3F4396F-DAD2-4A64-95E9-B51DCDE13356}.Release|x86.ActiveCfg = Release|Win32
		{B3F4396F-DAD2-4A64-95E9-B51DCDE13356}.Release|x86.Build.0 = Release|Win32
		{B549E202-61BB-454B-B321-ACE3723E18B9}.Debug|x64.ActiveCfg = Debug|x64
		{B549E202-61BB-454B-B321-ACE3723E18B9}.Debug|x64.Build.0 = Debug|x64
		{B549E202-61BB-454B-B321-ACE3723E18B9}.Debug|x86.ActiveCfg = Debug|Win32
		{B549E202-61BB-454B-B321-ACE3723E18B9}.Debug|x86.Build.0 = Debug|Win32
		{B549E202-61BB-454B-B321-ACE3723E18B9}.Release|x64.ActiveCfg = Release|x64
		{B549E202-61BB-454B-B321-ACE3723E18B9}.Release|x64.Build.0 = Release|x64
		{B549E202-61BB-454B-B321-ACE3723E18B9}.Release|x86.ActiveCfg = Release|Win32
		{B549E202-61BB-454B-B321-ACE3723E18B9}.Release|x86.Build.0 = Release|Win32
		{60B533F5-1C11-4930-93E2-5983F7A6DD68}.Debug|x64.ActiveCfg = Debug|x64
		{60B533F5-1C11-4930-93E2-5983F7A6DD68}.Debug|x64.Build.0 = Debug|x64
		{60B533F5-1C11-4930-93E2-5983F7A6DD68}.Debug|x86.ActiveCfg = Debug|Win32
		{60B533F5-1C11-4930-93E2-5983F7A6DD68}.Debug|x86.Build.0 = Debug|Win32
		{60B533F5-1C11-4930-93E2-5983F7A6DD68}.Release|x64.ActiveCfg = Release|x64
		{60B533F5-1C11-4930-93E2-5983F7A6DD68}.Release|x64.Build.0 = Release|x64
		{60B533F5-1C11-4930-93E2-5983F7A6DD68}.Release|x86.ActiveCfg = Release|Win32
		{60B533F5-1C11-4930-93E2-5983F7A6DD68}.Release|x86.Build.0 = Release|Win32
		{A5545105-4DC2-40D9-90C6-68FD12BE3F0C}.Debug|x64.ActiveCfg = Debug|x64
		{A5545105-4DC2-40D9-90C6-68FD12BE3F0C}.Debug|x64.Build.0 = Debug|x64
		{A5545105-4DC2-40D9-90C6-68FD12BE3F0C}.Debug|x86.ActiveCfg = Debug|Win32
		{A5545105-4DC2-40D9-90C6-68FD12BE3F0C}.Debug|x86.Build.0 = Debug|Win32
		{A5545105-4DC2-40D9-90C6-68FD12BE3F0C}.Release|x64.ActiveCfg = Release|x64
		{A5545105-4DC2-40D9-90C6-68FD12BE3F0C}.Release|x64.Build.0 = Release|x64
		{A5545105-4DC2-40D9-90C6-68FD12BE3F0C}.Release|x86.ActiveCfg = Release|Win32
		{A5545105-4DC2-40D9-90C6-68FD12BE3F0C}.Release|x86.Build.0 = Release|Win32
		{05F3B16B-72D6-406D-BF11-94B341B2C791}.Debug|x64.ActiveCfg = Debug|x64
		{05F3B16B-72D6-406D-BF11-94B341B2C791}.Debug|x64.Build.0 = Debug|x64
		{05F3B16B-72D6-406D-BF11-94B341B2C791}.Debug|x86.ActiveCfg = Debug|Win32
		{05F3B16B-72D6-406D-BF11-94B341B2C791}.Debug|x86.Build.0 = Debug|Win32
		{05F3B16B-72D6-406D-BF11-94B341B2C791}.Release|x64.ActiveCfg = Release|x64
		{05F3B16B-72D6-406D-BF11-94B341B2C791}.Release|x64.Build.0 = Release|x64
		{05F3B16B-72D6-406D-BF11-94B341B2C791}.Release|x86.ActiveCfg = Release|Win32
		{05F3B16B-72D6-406D-BF11-94B341B2C791}.Release|x86.Build.0 = Release|Win32
		{63F7E94B-C9C9-4B4E-9AA4-1DADC5A27C27}.Debug|x64.ActiveCfg = Debug|x64
		{63F7E94B-C9C9-4B4E-9AA4-1DADC5A27C27}.Debug|x64.Build.0 = Debug|x64
		{63F7E94B-C9C9-4B4E-9AA4-1DADC5A27C27}.Debug|x86.ActiveCfg = Debug|Win32
		{63F7E94B-C9C9-4B4E-9AA4-1DADC5A27C27}.Debug|x86.Build.0 = Debug|Win32
		{63F7E94B-C9C9-4B4E-9AA4-1DADC5A27C27}.Release|x64.ActiveCfg = Release|x64
		{63F7E94B-C9C9-4B4E-9AA4-1DADC5A27C27}.Release|x64.Build.0 = Release|x64
		{63F7E94B-C9C9-4B4E-9AA4-1DADC5A27C27}.Release|x86.ActiveCfg = Release|Win32
		{63F7E94B-C9C9-4B4E-9AA4-1DADC5A27C27}.Release|x86.Build.0 = Release|Win32
		{D237FED0-7EEB-4DDB-9218-54F3F3F9E6A1}.Debug|x64.ActiveCfg = Debug|x64
		{D237FED0-7EEB-4DDB-9218-54F3F3F9E6A1}.Debug|x64.Build.0 = Debug|x64
		{D237FED0-7EEB-4DDB-9218-54F3F3F9E6A1}.Debug|x86.ActiveCfg = Debug|Win32
		{D237FED0-7EEB-4DDB-9218-54F3F3F9E6A1}.Debug|x86.Build.0 = Debug|Win32
		{D237FED0-7EEB-4DDB-9218-54F3F3F9E6A1}.Release|x64.ActiveCfg = Release|x64
		{D237FED0-7EEB-4DDB-9218-54F3F3F9E6A1}.Release|x64.Build.0 = Release|x64
		{D237FED0-7EEB-4DDB-9218-54F3F3F9E6A1}.Release|x86.ActiveCfg = Release|Win32
		{D237FED0-7EEB-4DDB-9218-54F3F3F9E6A1}.Release|x86.Build.0 = Release|Win32
		{0BD9743B-6994-4B41-894A-4D7A77AB11B2}.Debug|x64.ActiveCfg = Debug|x64
		{0BD9743B-6994-4B41-894A-4D7A77AB11B2}.Debug|x64.Build.0 = Debug|x64
		{0BD9743B-6994-4B41-894A-4D7A77AB11B2}.Debug|x86.ActiveCfg = Debug|Win32
		{0BD9743B-6994-4B41-894A-4D7A77AB11B2}.Debug|x86.Build.0 = Debug|Win32
		{0BD9743B-6994-4B41-894A-4D7A77AB11B2}.Release|x64.ActiveCfg = Release|x64
		{0BD9743B-6994-4B41-894A-4D7A77AB11B2}.Release|x64.Build.0 = Release|x64
		{0BD9743B-6994-4B41-894A-4D7A77AB11B2}.Release|x86.ActiveCfg = Release|Win32
		{0BD9743B-6994-4B41-894A-4D7A77AB11B2}.Release|x86.Build.0 = Release|Win32
		{CD041195-7375-42D9-A458-9A274892F980}.Debug|x64.ActiveCfg = Debug|x64
		{CD041195-7375-42D9-A458-9A274892F980}.Debug|x64.Build.0 = Debug|x64
		{CD041195-7375-42D9-A458-9A274892F980}.Debug|x86.ActiveCfg = Debug|Win32
		{CD041195-7375-42D9-A458-9A274892F980}.Debug|x86.Build.0 = Debug|Win32
		{CD041195-7375-42D9-A458-9A274892F980}.Release|x64.ActiveCfg = Release|x64
		{CD041195-7375-42D9-A458-9A274892F980}.Release|x64.Build.0 = Release|x64
		{CD041195-7375-42D9-A458-9A274892F980}.Release|x86.ActiveCfg = Release|Win32
		{CD041195-7375-42D9-A458-9A274892F980}.Release|x86.Build.0 = Release|Win32
		{B2AD11F7-D213-43D0-8F78-E3C232BBD42A}.Debug|x64.ActiveCfg = Debug|x64
		{B2AD11F7-D213-43D0-8F78-E3C232BBD42A}.Debug|x64.Build.0 = Debug|x64
		{B2AD11F7-D213-43D0-8F78-E3C232BBD42A}.Debug|x86.ActiveCfg = Debug|Win32
		{B2AD11F7-D213-43D0-8F78-E3C232BBD42A}.Debug|x86.Build.0 = Debug|Win32
		{B2AD11F7-D213-43D0-8F78-E3C232BBD42A}.Release|x64.ActiveCfg = Release|x64
		{B2AD11F7-D213-43D0-8F78-E3C232BBD42A}.Release|x64.Build.0 = Release|x64
		{B2AD11F7-D213-43D0-8F78-E3C232BBD42A}.Release|x86.ActiveCfg = Release|Win32
		{B2AD11F7-D213-43D0-8F78-E3C232BBD42A}.Release|x86.Build.0 = Release|Win32
		{B972CA31-CC4F-4999-9DC0-ABB8E2776148}.Debug|x64.ActiveCfg = Debug|x64
		{B972CA31-CC4F-4999-9DC0-ABB8E2776148}.Debug|x64.Build.0 = Debug|x64
		{B972CA31-CC4F-4999-9DC0-ABB8E2776148}.Debug|x86.ActiveCfg = Debug|Win32
		{B972CA31-CC4F-4999-9DC0-ABB8E2776148}.Debug|x86.Build.0 = Debug|Win32
		{B972CA31-CC4F-4999-9DC0-ABB8E2776148}.Release|x64.ActiveCfg = Release|x64
		{B972CA31-CC4F-4999-9DC0-ABB8E2776148}.Release|x64.Build.0 = Release|x64
		{B972CA31-CC4F-4999-9DC0-ABB8E2776148}.Release|x86.ActiveCfg = Release|Win32
		{B972CA31-CC4F-4999-9DC0-ABB8E2776148}.Release|x86.Build.0 = Release|Win32
		{82F0651D-8ADC-42D6-B296-0B2C44AC8EB0}.Debug|x64.ActiveCfg = Debug|x64
		{82F0651D-8ADC-42D6-B296-0B2C44AC8EB0}.Debug|x64.Build.0 = Debug|x64
		{82F0651D-8ADC-42D6-B296-0B2C44AC8EB0}.Debug|x86.ActiveCfg = Debug|Win32
		{82F0651D-8ADC-42D6-B296-0B2C44AC8EB0}.Debug|x86.Build.0 = Debug|Win32
		{82F0651D-8ADC-42D6-B296-0B2C44AC8EB0}.Release|x64.ActiveCfg = Release|x64
		{82F0651D-8ADC-42D6-B296-0B2C44AC8EB0}.Release|x64.Build.0 = Release|x64
		{82F0651D-8ADC-42D6-B296-0B2C44AC8EB0}.Release|x86.ActiveCfg = Release|Win32
		{82F0651D-8ADC-42D6-B296-0B2C44AC8EB0}.Release|x86.Build.0 = Release|Win32
		{B1077D7B-5F2A-434D-87A4-BE13548246B1}.Debug|x64.ActiveCfg = Debug|x64
		{B1077D7B-5F2A-434D-87A4-BE13548246B1}.Debug|x64.Build.0 = Debug|x64
		{B1077D7B-5F2A-434D-87A4-BE13548246B1}.Debug|x86.ActiveCfg = Debug|Win32
		{B1077D7B-5F2A-434D-87A4-BE13548246B1}.Debug|x86.Build.0 = Debug|Win32
		{B1077D7B-5F2A-434D-87A4-BE13548246B1}.Release|x64.ActiveCfg = Release|x64
		{B1077D7B-5F2A-434D-87A4-BE13548246B1}.Release|x64.Build.0 = Release|x64
		{B1077D7B-5F2A-434D-87A4-BE13548246B1}.Release|x86.ActiveCfg = Release|Win32
		{B1077D7B-5F2A-434D-87A4-BE13548246B1}.Release|x86.Build.0 = Release|Win32
		{E0CCEDAB-983E-4AE9-84C6-1761CD67B329}.Debug|x64.ActiveCfg = Debug|x64
		{E0CCEDAB-983E-4AE9-84C6-1761CD67B329}.Debug|x64.Build.0 = Debug|x64
		{E0CCEDAB-983E-4AE9-84C6-1761CD67B329}.Debug|x86.ActiveCfg = Debug|Win32
		{E0CCEDAB-983E-4AE9-84C6-1761CD67B329}.Debug|x86.Build.0 = Debug|Win32
		{E0CCEDAB-983E-4AE9-84C6-1761CD67B329}.Release|x64.ActiveCfg = Release|x64
		{E0CCEDAB-983E-4AE9-84C6-1761CD67B329}.Release|x64.Build.0 = Release|x64
		{E0CCEDAB-983E-4AE9-84C6-1761CD67B329}.Release|x86.ActiveCfg = Release|Win32
		{E0CCEDAB-983E-4AE9-84C6-1761CD67B329}.Release|x86.Build.0 = Release|Win32
		{D6839829-E061-441C-AB2B-536D95852C90}.Debug|x64.ActiveCfg = Debug|x64
		{D6839829-E061-441C-AB2B-536D95852C90}.Debug|x64.Build.0 = Debug|x64
		{D6839829-E061-441C-AB2B-536D95852C90}.Debug|x86.ActiveCfg = Debug|Win32
		{D6839829-E061-441C-AB2B-536D95852C90}.Debug|x86.Build.0 = Debug|Win32
		{D6839829-E061-441C-AB2B-536D95852C90}.Release|x64.ActiveCfg = Release|x64
		{D6839829-E061-441C-AB2B-536D95852C90}.Release|x64.Build.0 = Release|x64
		{D6839829-E061-441C-AB2B-536D95852C90}.Release|x86.ActiveCfg = Release|Win32
		{D6839829-E061-441C-AB2B-536D95852C90}.Release|x86.Build.0 = Release|Win32
		{75393FE2-0C99-40E9-AC02-C7A5E59871F8}.Debug|x64.ActiveCfg = Debug|x64
		{75393FE2-0C99-40E9-AC02-C7A5E59871F8}.Debug|x64.Build.0 = Debug|x64
		{75393FE2-0C99-40E9-AC02-C7A5E59871F8}.Debug|x86.ActiveCfg = Debug|Win32
		{75393FE2-0C99-40E9-AC02-C7A5E59871F8}.Debug|x86.Build.0 = Debug|Win32
		{75393FE2-0C99-40E9-AC02-C7A5E59871F8}.Release|x64.ActiveCfg = Release|x64
		{75393FE2-0C99-40E9-AC02-C7A5E59871F8}.Release|x64.Build.0 = Release|x64
		{75393FE2-0C99-40E9-AC02-C7A5E59871F8}.Release|x86.ActiveCfg = Release|Win32
		{75393FE2-0C99-40E9-AC02-C7A5E59871F8}.Release|x86.Build.0 = Release|Win32
		{937B49B8-1970-412B-A5A6-66A50641C4C7}.Debug|x64.ActiveCfg = Debug|x64
		{937B49B8-1970-412B-A5A6-66A50641C4C7}.Debug|x64.Build.0 = Debug|x64
		{937B49B8-1970-412B-A5A6-66A50641C4C7}.Debug|x86.ActiveCfg = Debug|Win32
		{937B49B8-1970-412B-A5A6-66A50641C4C7}.Debug|x86.Build.0 = Debug|Win32
		{937B49B8-1970-412B-A5A6-66A50641C4C7}.Release|x64.ActiveCfg = Release|x64
		{937B49B8-1970-412B-A5A6-66A50641C4C7}.Release|x64.Build.0 = Release|x64
		{937B49B8-1970-412B-A5A6-66A50641C4C7}.Release|x86.ActiveCfg = Release|Win32
		{937B49B8-1970-412B-A5A6-66A50641C4C7}.Release|x86.Build.0 = Release|Win32
		{20BED02F-7221-4A28-A760-2CFE78095532}.Debug|x64.ActiveCfg = Debug|x64
		{20BED02F-7221-4A28-A760-2CFE78095532}.Debug|x64.Build.0 = Debug|x64
		{20BED02F-7221-4A28-A760-2CFE78095532}.Debug|x86.ActiveCfg = Debug|Win32
		{20BED02F-7221-4A28-A760-2CFE78095532}.Debug|x86.Build.0 = Debug|Win32
		{20BED02F-7221-4A28-A760-2CFE78095532}.Release|x64.ActiveCfg = Release|x64
		{20BED02F-7221-4A28-A760-2CFE78095532}.Release|x64.Build.0 = Release|x64
		{20BED02F-7221-4A28-A760-2CFE78095532}.Release|x86.ActiveCfg = Release|Win32
		{20BED02F-7221-4A28-A760-2CFE78095532}.Release|x86.Build.0 = Release|Win32
		{275F3C4A-60EE-455A-9CB1-395B28A0E2C8}.Debug|x64.ActiveCfg = Debug|x64
		{275F3C4A-60EE-455A-9CB1-395B28A0E2C8}.Debug|x64.Build.0 = Debug|x64
		{275F3C4A-60EE-455A-9CB1-395B28A0E2C8}.Debug|x86.ActiveCfg = Debug|Win32
		{275F3C4A-60EE-455A-9CB1-395B28A0E2C8}.Debug|x86.Build.0 = Debug|Win32
		{275F3C4A-60EE-455A-9CB1-395B28A0E2C8}.Release|x64.ActiveCfg = Release|x64
		{275F3C4A-60EE-455A-9CB1-395B28A0E2C8}.Release|x64.Build.0 = Release|x64
		{275F3C4A-60EE-455A-9CB1-395B28A0E2C8}.Release|x86.ActiveCfg = Release|Win32
		{275F3C4A-60EE-455A-9CB1-395B28A0E2C8}.Release|x86.Build.0 = Release|Win32
		{ACE64816-1DB4-4EBE-9FC2-DCD799432111}.Debug|x64.ActiveCfg = Debug|x64
		{ACE64816-1DB4-4EBE-9FC2-DCD799432111}.Debug|x64.Build.0 = Debug|x64
		{ACE64816-1DB4-4EBE-9FC2-DCD799432111}.Debug|x86.ActiveCfg = Debug|Win32
		{ACE64816-1DB4-4EBE-9FC2-DCD799432111}.Debug|x86.Build.0 = Debug|Win32
		{ACE64816-1DB4-4EBE-9FC2-DCD799432111}.Release|x64.ActiveCfg = Release|x64
		{ACE64816-1DB4-4EBE-9FC2-DCD799432111}.Release|x64.Build.0 = Release|x64
		{ACE64816-1DB4-4EBE-9FC2-DCD799432111}.Release|x86.ActiveCfg = Release|Win32
		{ACE64816-1DB4-4EBE-9FC2-DCD799432111}.Release|x86.Build.0 = Release|Win32
		{45F97885-DDFD-4DFC-BDF8-A9B703359AFA}.Debug|x64.ActiveCfg = Debug|x64
		{45F97885-DDFD-4DFC-BDF8-A9B703359AFA}.Debug|x64.Build.0 = Debug|x64
		{45F97885-DDFD-4DFC-BDF8-A9B703359AFA}.Debug|x86.ActiveCfg = Debug|Win32
		{45F97885-DDFD-4DFC-BDF8-A9B703359AFA}.Debug|x86.Build.0 = Debug|Win32
		{45F97885-DDFD-4DFC-BDF8-A9B703359AFA}.Release|x64.ActiveCfg = Release|x64
		{45F97885-DDFD-4DFC-BDF8-A9B703359AFA}.Release|x64.Build.0 = Release|x64
		{45F97885-DDFD-4DFC-BDF8-A9B703359AFA}.Release|x86.ActiveCfg = Release|Win32
		{45F97885-DDFD-4DFC-BDF8-A9B703359AFA}.Release|x86.Build.0 = Release|Win32
		{27C5807D-9D2F-46B6-8FAA-67D588E510E4}.Debug|x64.ActiveCfg = Debug|x64
		{27C5807D-9D2F-46B6-8FAA-67D588E510E4}.Debug|x64.Build.0 = Debug|x64
		{27C5807D-9D2F-46B6-8FAA-67D588E510E4}.Debug|x86.ActiveCfg = Debug|Win32
		{27C5807D-9D2F-46B6-8FAA-67D588E510E4}.Debug|x86.Build.0 = Debug|Win32
		{27C5807D-9D2F-46B6-8FAA-67D588E510E4}.Release|x64.ActiveCfg = Release|x64
		{27C5807D-9D2F-46B6-8FAA-67D588E510E4}.Release|x64.Build.0 = Release|x64
		{27C5807D-9D2F-46B6-8FAA-67D588E510E4}.Release|x86.ActiveCfg = Release|Win32
		{27C5807D-9D2F-46B6-8FAA-67D588E510E4}.Release|x86.Build.0 = Release|Win32
		{218BF953-BFFD-41B3-924D-D33FE761F2D6}.Debug|x64.ActiveCfg = Debug|x64
		{218BF953-BFFD-41B3-924D-D33FE761F2D6}.Debug|x64.Build.0 = Debug|x64
		{218BF953-BFFD-41B3-924D-D33FE761F2D6}.Debug|x86.ActiveCfg = Debug|Win32
		{218BF953-BFFD-41B3-924D-D33FE761F2D6}.Debug|x86.Build.0 = Debug|Win32
		{218BF953-BFFD-41B3-924D-D33FE761F2D6}.Release|x64.ActiveCfg = Release|x64
		{218BF953-BFFD-41B3-924D-D33FE761F2D6}.Release|x64.Build.0 = Release|x64
		{218BF953-BFFD-41B3-924D-D33FE761F2D6}.Release|x86.ActiveCfg = Release|Win32
		{218BF953-BFFD-41B3-924D-D33FE761F2D6}.Release|x86.Build.0 = Release|Win32
		{E91242BC-9162-4B03-BB33-DEBD7CB7BC59}.Debug|x64.ActiveCfg = Debug|x64
		{E91242BC-9162-4B03-BB33-DEBD7CB7BC59}.Debug|x64.Build.0 = Debug|x64
		{E91242BC-9162-4B03-BB33-DEBD7CB7BC59}.Debug|x86.ActiveCfg = Debug|Win32
		{E91242BC-9162-4B03-BB33-DEBD7CB7BC59}.Debug|x86.Build.0 = Debug|Win32
		{E91242BC-9162-4B03-BB33-DEBD7CB7BC59}.Release|x64.ActiveCfg = Release|x64
		{E91242BC-9162-4B03-BB33-DEBD7CB7BC59}.Release|x64.Build.0 = Release|x64
		{E91242BC-9162-4B03-BB33-DEBD7CB7BC59}.Release|x86.ActiveCfg = Release|Win32
		{E91242BC-9162-4B03-BB33-DEBD7CB7BC59}.Release|x86.Build.0 = Release|Win32
		{3012A73F-AAEF-40D1-B221-9BAE4CBADCAE}.Debug|x64.ActiveCfg = Debug|x64
		{3012A73F-AAEF-40D1-B221-9BAE4CBADCAE}.Debug|x64.Build.0 = Debug|x64
		{3012A73F-AAEF-40D1-B221-9BAE4CBADCAE}.Debug|x86.ActiveCfg = Debug|Win32
		{3012A73F-AAEF-40D1-B221-9BAE4CBADCAE}.Debug|x86.Build.0 = Debug|Win32
		{3012A73F-AAEF-40D1-B221-9BAE4CBADCAE}.Release|x64.ActiveCfg = Release|x64
		{3012A73F-AAEF-40D1-B221-9BAE4CBADCAE}.Release|x64.Build.0 = Release|x64
		{3012A73F-AAEF-40D1-B221-9BAE4CBADCAE}.Release|x86.ActiveCfg = Release|Win32
		{3012A73F-AAEF-40D1-B221-9BAE4CBADCAE}.Release|x86.Build.0 = Release|Win32
	EndGlobalSection
	GlobalSection(SolutionProperties) = preSolution
		HideSolutionNode = FALSE
	EndGlobalSection
	GlobalSection(ExtensibilityGlobals) = postSolution
		SolutionGuid = {E76B1E53-206B-4457-B25E-D5342FF4CC1F}
	EndGlobalSection
EndGlobal
